
Microsoft Visual Studio Solution File, Format Version 12.00
# Visual Studio Version 17
VisualStudioVersion = 17.6.33723.286
MinimumVisualStudioVersion = 10.0.40219.1
Project("{FAE04EC0-301F-11D3-BF4B-00C04F79EFBC}") = "Lab_1", "Lab_1\Lab_1.csproj", "{01B41046-5DF3-4434-BB15-80AE748BF098}"
EndProject
Global
	GlobalSection(SolutionConfigurationPlatforms) = preSolution
		Debug|Any CPU = Debug|Any CPU
		Release|Any CPU = Release|Any CPU
	EndGlobalSection
	GlobalSection(ProjectConfigurationPlatforms) = postSolution
		{01B41046-5DF3-4434-BB15-80AE748BF098}.Debug|Any CPU.ActiveCfg = Debug|Any CPU
		{01B41046-5DF3-4434-BB15-80AE748BF098}.Debug|Any CPU.Build.0 = Debug|Any CPU
		{01B41046-5DF3-4434-BB15-80AE748BF098}.Release|Any CPU.ActiveCfg = Release|Any CPU
		{01B41046-5DF3-4434-BB15-80AE748BF098}.Release|Any CPU.Build.0 = Release|Any CPU
	EndGlobalSection
	GlobalSection(SolutionProperties) = preSolution
		HideSolutionNode = FALSE
	EndGlobalSection
	GlobalSection(ExtensibilityGlobals) = postSolution
		SolutionGuid = {19029EBE-F61B-4A28-B809-7CFFC97F2504}
	EndGlobalSection
EndGlobal
